
Microsoft Visual Studio Solution File, Format Version 12.00
# Visual Studio Version 17
VisualStudioVersion = 17.5.33530.505
MinimumVisualStudioVersion = 10.0.40219.1
Project("{FAE04EC0-301F-11D3-BF4B-00C04F79EFBC}") = "APP_SURAT_KPT", "APP_SURAT_KPT\APP_SURAT_KPT.csproj", "{6838571D-E51B-4033-990E-69EEABB4BF24}"
EndProject
Project("{FAE04EC0-301F-11D3-BF4B-00C04F79EFBC}") = "INTEGRASI API 2", "INTEGRASI API 2\INTEGRASI API 2.csproj", "{ED725FB3-1310-4EC5-99FE-94C0C5DB943C}"
EndProject
Global
	GlobalSection(SolutionConfigurationPlatforms) = preSolution
		Debug|Any CPU = Debug|Any CPU
		Release|Any CPU = Release|Any CPU
	EndGlobalSection
	GlobalSection(ProjectConfigurationPlatforms) = postSolution
		{6838571D-E51B-4033-990E-69EEABB4BF24}.Debug|Any CPU.ActiveCfg = Debug|Any CPU
		{6838571D-E51B-4033-990E-69EEABB4BF24}.Debug|Any CPU.Build.0 = Debug|Any CPU
		{6838571D-E51B-4033-990E-69EEABB4BF24}.Release|Any CPU.ActiveCfg = Release|Any CPU
		{6838571D-E51B-4033-990E-69EEABB4BF24}.Release|Any CPU.Build.0 = Release|Any CPU
		{ED725FB3-1310-4EC5-99FE-94C0C5DB943C}.Debug|Any CPU.ActiveCfg = Debug|Any CPU
		{ED725FB3-1310-4EC5-99FE-94C0C5DB943C}.Debug|Any CPU.Build.0 = Debug|Any CPU
		{ED725FB3-1310-4EC5-99FE-94C0C5DB943C}.Release|Any CPU.ActiveCfg = Release|Any CPU
		{ED725FB3-1310-4EC5-99FE-94C0C5DB943C}.Release|Any CPU.Build.0 = Release|Any CPU
	EndGlobalSection
	GlobalSection(SolutionProperties) = preSolution
		HideSolutionNode = FALSE
	EndGlobalSection
	GlobalSection(ExtensibilityGlobals) = postSolution
		SolutionGuid = {3E1235B7-3E86-45D5-BCEB-F66DADA7103A}
	EndGlobalSection
EndGlobal
